
Microsoft Visual Studio Solution File, Format Version 12.00
# Visual Studio Version 16
VisualStudioVersion = 16.0.29911.84
MinimumVisualStudioVersion = 10.0.40219.1
Project("{9A19103F-16F7-4668-BE54-9A1E7A4F7556}") = "InvoiceNinjaToWooCommerceSynchronizer", "InvoiceNinjaToWooCommerceSynchronizer\InvoiceNinjaToWooCommerceSynchronizer.csproj", "{55AC9BC1-4CE1-48CF-A90C-837FDEC7BE2A}"
EndProject
Project("{FAE04EC0-301F-11D3-BF4B-00C04F79EFBC}") = "InvoiceNinjaToWooCommerceSynchronizerTests", "InvoiceNinjaToWooCommerceSynchronizerTests\InvoiceNinjaToWooCommerceSynchronizerTests.csproj", "{8D90557A-F8FA-4510-8F82-CD0F14136549}"
EndProject
Global
	GlobalSection(SolutionConfigurationPlatforms) = preSolution
		Debug|Any CPU = Debug|Any CPU
		Release|Any CPU = Release|Any CPU
	EndGlobalSection
	GlobalSection(ProjectConfigurationPlatforms) = postSolution
		{55AC9BC1-4CE1-48CF-A90C-837FDEC7BE2A}.Debug|Any CPU.ActiveCfg = Debug|Any CPU
		{55AC9BC1-4CE1-48CF-A90C-837FDEC7BE2A}.Debug|Any CPU.Build.0 = Debug|Any CPU
		{55AC9BC1-4CE1-48CF-A90C-837FDEC7BE2A}.Release|Any CPU.ActiveCfg = Release|Any CPU
		{55AC9BC1-4CE1-48CF-A90C-837FDEC7BE2A}.Release|Any CPU.Build.0 = Release|Any CPU
		{8D90557A-F8FA-4510-8F82-CD0F14136549}.Debug|Any CPU.ActiveCfg = Debug|Any CPU
		{8D90557A-F8FA-4510-8F82-CD0F14136549}.Debug|Any CPU.Build.0 = Debug|Any CPU
		{8D90557A-F8FA-4510-8F82-CD0F14136549}.Release|Any CPU.ActiveCfg = Release|Any CPU
		{8D90557A-F8FA-4510-8F82-CD0F14136549}.Release|Any CPU.Build.0 = Release|Any CPU
	EndGlobalSection
	GlobalSection(SolutionProperties) = preSolution
		HideSolutionNode = FALSE
	EndGlobalSection
	GlobalSection(ExtensibilityGlobals) = postSolution
		SolutionGuid = {A97A63C9-B613-490C-92F8-9A7E53BE2E78}
	EndGlobalSection
EndGlobal
